# THIS IS AN AUTOGENERATED FILE. DO NOT EDIT THIS FILE DIRECTLY.
# yarn lockfile v1


config@^1.26.2:
  version "1.26.2"
  resolved "https://registry.yarnpkg.com/config/-/config-1.26.2.tgz#2466291168d8afae0aae8ab99ea4d4272f520cae"
  dependencies:
    json5 "0.4.0"
    os-homedir "1.0.2"

json5@0.4.0:
  version "0.4.0"
  resolved "https://registry.yarnpkg.com/json5/-/json5-0.4.0.tgz#054352e4c4c80c86c0923877d449de176a732c8d"

nodemailer@^4.1.2:
  version "4.1.2"
  resolved "https://registry.yarnpkg.com/nodemailer/-/nodemailer-4.1.2.tgz#82e1fb61ddc7272fe4f34c5ba6adaa99faa8b635"

os-homedir@1.0.2:
  version "1.0.2"
  resolved "https://registry.yarnpkg.com/os-homedir/-/os-homedir-1.0.2.tgz#ffbc4988336e0e833de0c168c7ef152121aa7fb3"
